
Microsoft Visual Studio Solution File, Format Version 12.00
# Visual Studio Version 17
VisualStudioVersion = 17.2.32526.322
MinimumVisualStudioVersion = 10.0.40219.1
Project("{9A19103F-16F7-4668-BE54-9A1E7A4F7556}") = "TypingMaster", "TypingMaster\TypingMaster.csproj", "{A8216A2D-9420-4B82-BC6D-BA065E5F8237}"
EndProject
Project("{9A19103F-16F7-4668-BE54-9A1E7A4F7556}") = "TypingMaster.Domain", "TypingTest.Domain\TypingMaster.Domain.csproj", "{826298B4-DBB5-4F17-AC4F-ED63209AB38A}"
EndProject
Global
	GlobalSection(SolutionConfigurationPlatforms) = preSolution
		Debug|Any CPU = Debug|Any CPU
		Release|Any CPU = Release|Any CPU
	EndGlobalSection
	GlobalSection(ProjectConfigurationPlatforms) = postSolution
		{A8216A2D-9420-4B82-BC6D-BA065E5F8237}.Debug|Any CPU.ActiveCfg = Debug|Any CPU
		{A8216A2D-9420-4B82-BC6D-BA065E5F8237}.Debug|Any CPU.Build.0 = Debug|Any CPU
		{A8216A2D-9420-4B82-BC6D-BA065E5F8237}.Release|Any CPU.ActiveCfg = Release|Any CPU
		{A8216A2D-9420-4B82-BC6D-BA065E5F8237}.Release|Any CPU.Build.0 = Release|Any CPU
		{826298B4-DBB5-4F17-AC4F-ED63209AB38A}.Debug|Any CPU.ActiveCfg = Debug|Any CPU
		{826298B4-DBB5-4F17-AC4F-ED63209AB38A}.Debug|Any CPU.Build.0 = Debug|Any CPU
		{826298B4-DBB5-4F17-AC4F-ED63209AB38A}.Release|Any CPU.ActiveCfg = Release|Any CPU
		{826298B4-DBB5-4F17-AC4F-ED63209AB38A}.Release|Any CPU.Build.0 = Release|Any CPU
	EndGlobalSection
	GlobalSection(SolutionProperties) = preSolution
		HideSolutionNode = FALSE
	EndGlobalSection
	GlobalSection(ExtensibilityGlobals) = postSolution
		SolutionGuid = {6EDBEE82-5D9D-42B5-AFFD-89F373DA3CFD}
	EndGlobalSection
EndGlobal
