
Microsoft Visual Studio Solution File, Format Version 12.00
Project("{FAE04EC0-301F-11D3-BF4B-00C04F79EFBC}") = "TypingMaster.Api", "TypingMaster\TypingMaster.Api.csproj", "{03ECB022-F1F2-4401-B94F-BF08C730FB0D}"
EndProject
Project("{2150E333-8FDC-42A3-9474-1A3956D46DE8}") = "src", "src", "{01913B8E-AD4A-4FD8-AFF3-0B1183103DA6}"
EndProject
Project("{2150E333-8FDC-42A3-9474-1A3956D46DE8}") = "API", "API", "{97935690-86A2-4152-B4BB-3BF6C974A8EF}"
EndProject
Project("{2150E333-8FDC-42A3-9474-1A3956D46DE8}") = "Infrastructure", "Infrastructure", "{C6C0C36D-2603-48A9-B7A5-FB3C1D0BD741}"
EndProject
Project("{2150E333-8FDC-42A3-9474-1A3956D46DE8}") = "Core", "Core", "{0A003C26-5845-4FE0-84E6-C22D2E9E3BFB}"
EndProject
Project("{FAE04EC0-301F-11D3-BF4B-00C04F79EFBC}") = "TypingMaster.Database", "TypingMaster.Database\TypingMaster.Database.csproj", "{10F27F50-5262-41E1-B113-2A5306A7E3AF}"
EndProject
Project("{FAE04EC0-301F-11D3-BF4B-00C04F79EFBC}") = "TypingMaster.Domain", "TypingMaster.Domain\TypingMaster.Domain.csproj", "{01D14727-740E-487B-8303-172067EF31A3}"
EndProject
Project("{FAE04EC0-301F-11D3-BF4B-00C04F79EFBC}") = "TypingMaster.Application", "TypingMaster.Application\TypingMaster.Application.csproj", "{7E0E0C6A-A1AC-4275-B82F-DB355FC51C42}"
EndProject
Project("{FAE04EC0-301F-11D3-BF4B-00C04F79EFBC}") = "TypingMaster.Shared", "TypingMaster.Shared\TypingMaster.Shared.csproj", "{D7E27011-90FA-49C6-8749-BA26EB3F63AA}"
EndProject
Project("{2150E333-8FDC-42A3-9474-1A3956D46DE8}") = "UI", "UI", "{06C0DBF4-9CE5-403E-84A2-57985A864CEB}"
EndProject
Project("{FAE04EC0-301F-11D3-BF4B-00C04F79EFBC}") = "TypingMaster.UI", "TypingMaster.UI\TypingMaster.UI.csproj", "{F2C30A25-C75C-4686-B307-47641C6AF180}"
EndProject
Global
	GlobalSection(SolutionConfigurationPlatforms) = preSolution
		Debug|Any CPU = Debug|Any CPU
		Release|Any CPU = Release|Any CPU
	EndGlobalSection
	GlobalSection(ProjectConfigurationPlatforms) = postSolution
		{03ECB022-F1F2-4401-B94F-BF08C730FB0D}.Debug|Any CPU.ActiveCfg = Debug|Any CPU
		{03ECB022-F1F2-4401-B94F-BF08C730FB0D}.Debug|Any CPU.Build.0 = Debug|Any CPU
		{03ECB022-F1F2-4401-B94F-BF08C730FB0D}.Release|Any CPU.ActiveCfg = Release|Any CPU
		{03ECB022-F1F2-4401-B94F-BF08C730FB0D}.Release|Any CPU.Build.0 = Release|Any CPU
		{10F27F50-5262-41E1-B113-2A5306A7E3AF}.Debug|Any CPU.ActiveCfg = Debug|Any CPU
		{10F27F50-5262-41E1-B113-2A5306A7E3AF}.Debug|Any CPU.Build.0 = Debug|Any CPU
		{10F27F50-5262-41E1-B113-2A5306A7E3AF}.Release|Any CPU.ActiveCfg = Release|Any CPU
		{10F27F50-5262-41E1-B113-2A5306A7E3AF}.Release|Any CPU.Build.0 = Release|Any CPU
		{01D14727-740E-487B-8303-172067EF31A3}.Debug|Any CPU.ActiveCfg = Debug|Any CPU
		{01D14727-740E-487B-8303-172067EF31A3}.Debug|Any CPU.Build.0 = Debug|Any CPU
		{01D14727-740E-487B-8303-172067EF31A3}.Release|Any CPU.ActiveCfg = Release|Any CPU
		{01D14727-740E-487B-8303-172067EF31A3}.Release|Any CPU.Build.0 = Release|Any CPU
		{7E0E0C6A-A1AC-4275-B82F-DB355FC51C42}.Debug|Any CPU.ActiveCfg = Debug|Any CPU
		{7E0E0C6A-A1AC-4275-B82F-DB355FC51C42}.Debug|Any CPU.Build.0 = Debug|Any CPU
		{7E0E0C6A-A1AC-4275-B82F-DB355FC51C42}.Release|Any CPU.ActiveCfg = Release|Any CPU
		{7E0E0C6A-A1AC-4275-B82F-DB355FC51C42}.Release|Any CPU.Build.0 = Release|Any CPU
		{D7E27011-90FA-49C6-8749-BA26EB3F63AA}.Debug|Any CPU.ActiveCfg = Debug|Any CPU
		{D7E27011-90FA-49C6-8749-BA26EB3F63AA}.Debug|Any CPU.Build.0 = Debug|Any CPU
		{D7E27011-90FA-49C6-8749-BA26EB3F63AA}.Release|Any CPU.ActiveCfg = Release|Any CPU
		{D7E27011-90FA-49C6-8749-BA26EB3F63AA}.Release|Any CPU.Build.0 = Release|Any CPU
		{F2C30A25-C75C-4686-B307-47641C6AF180}.Debug|Any CPU.ActiveCfg = Debug|Any CPU
		{F2C30A25-C75C-4686-B307-47641C6AF180}.Debug|Any CPU.Build.0 = Debug|Any CPU
		{F2C30A25-C75C-4686-B307-47641C6AF180}.Release|Any CPU.ActiveCfg = Release|Any CPU
		{F2C30A25-C75C-4686-B307-47641C6AF180}.Release|Any CPU.Build.0 = Release|Any CPU
	EndGlobalSection
	GlobalSection(NestedProjects) = preSolution
		{97935690-86A2-4152-B4BB-3BF6C974A8EF} = {01913B8E-AD4A-4FD8-AFF3-0B1183103DA6}
		{C6C0C36D-2603-48A9-B7A5-FB3C1D0BD741} = {01913B8E-AD4A-4FD8-AFF3-0B1183103DA6}
		{0A003C26-5845-4FE0-84E6-C22D2E9E3BFB} = {01913B8E-AD4A-4FD8-AFF3-0B1183103DA6}
		{03ECB022-F1F2-4401-B94F-BF08C730FB0D} = {97935690-86A2-4152-B4BB-3BF6C974A8EF}
		{10F27F50-5262-41E1-B113-2A5306A7E3AF} = {C6C0C36D-2603-48A9-B7A5-FB3C1D0BD741}
		{01D14727-740E-487B-8303-172067EF31A3} = {0A003C26-5845-4FE0-84E6-C22D2E9E3BFB}
		{7E0E0C6A-A1AC-4275-B82F-DB355FC51C42} = {0A003C26-5845-4FE0-84E6-C22D2E9E3BFB}
		{D7E27011-90FA-49C6-8749-BA26EB3F63AA} = {0A003C26-5845-4FE0-84E6-C22D2E9E3BFB}
		{06C0DBF4-9CE5-403E-84A2-57985A864CEB} = {01913B8E-AD4A-4FD8-AFF3-0B1183103DA6}
		{F2C30A25-C75C-4686-B307-47641C6AF180} = {06C0DBF4-9CE5-403E-84A2-57985A864CEB}
	EndGlobalSection
EndGlobal
